
Microsoft Visual Studio Solution File, Format Version 12.00
# Visual Studio Version 16
VisualStudioVersion = 16.0.30621.155
MinimumVisualStudioVersion = 10.0.40219.1
Project("{FAE04EC0-301F-11D3-BF4B-00C04F79EFBC}") = "UnitTest.ValidateArgumentToDependency", "UnitTest.ValidateArgumentToDependency\UnitTest.ValidateArgumentToDependency.csproj", "{32405938-9728-446E-B810-872470FA2BCA}"
EndProject
Global
	GlobalSection(SolutionConfigurationPlatforms) = preSolution
		Debug|Any CPU = Debug|Any CPU
		Release|Any CPU = Release|Any CPU
	EndGlobalSection
	GlobalSection(ProjectConfigurationPlatforms) = postSolution
		{32405938-9728-446E-B810-872470FA2BCA}.Debug|Any CPU.ActiveCfg = Debug|Any CPU
		{32405938-9728-446E-B810-872470FA2BCA}.Debug|Any CPU.Build.0 = Debug|Any CPU
		{32405938-9728-446E-B810-872470FA2BCA}.Release|Any CPU.ActiveCfg = Release|Any CPU
		{32405938-9728-446E-B810-872470FA2BCA}.Release|Any CPU.Build.0 = Release|Any CPU
	EndGlobalSection
	GlobalSection(SolutionProperties) = preSolution
		HideSolutionNode = FALSE
	EndGlobalSection
	GlobalSection(ExtensibilityGlobals) = postSolution
		SolutionGuid = {17E179A0-C264-41E9-A677-4613B02D9902}
	EndGlobalSection
EndGlobal
